// !$*UTF8*$!
{
	archiveVersion = 1;
	classes = {
	};
	objectVersion = 46;
	objects = {

/* Begin PBXBuildFile section */
		72C3A3E71A959A4800E892BF /* main.m in Sources */ = {isa = PBXBuildFile; fileRef = 72C3A3E61A959A4800E892BF /* main.m */; };
		72C3A3EA1A959A4800E892BF /* AppDelegate.m in Sources */ = {isa = PBXBuildFile; fileRef = 72C3A3E91A959A4800E892BF /* AppDelegate.m */; };
		72C3A3ED1A959A4800E892BF /* ViewController.m in Sources */ = {isa = PBXBuildFile; fileRef = 72C3A3EC1A959A4800E892BF /* ViewController.m */; };
		72C3A3F01A959A4800E892BF /* Main.storyboard in Resources */ = {isa = PBXBuildFile; fileRef = 72C3A3EE1A959A4800E892BF /* Main.storyboard */; };
		72C3A3F21A959A4800E892BF /* Images.xcassets in Resources */ = {isa = PBXBuildFile; fileRef = 72C3A3F11A959A4800E892BF /* Images.xcassets */; };
		72C3A3F51A959A4800E892BF /* LaunchScreen.xib in Resources */ = {isa = PBXBuildFile; fileRef = 72C3A3F31A959A4800E892BF /* LaunchScreen.xib */; };
		72C3A4011A959A4800E892BF /* json123Tests.m in Sources */ = {isa = PBXBuildFile; fileRef = 72C3A4001A959A4800E892BF /* json123Tests.m */; };
		95F9A44B1A9705AE00544B58 /* ViewTableViewCell.m in Sources */ = {isa = PBXBuildFile; fileRef = 95F9A44A1A9705AE00544B58 /* ViewTableViewCell.m */; };
		9F3466DC1AA033F900E00009 /* libsqlite3.0.dylib in Frameworks */ = {isa = PBXBuildFile; fileRef = 9F3466DB1AA033F900E00009 /* libsqlite3.0.dylib */; };
		9F3466DE1AA03B1A00E00009 /* savejsondata.sqlite in Resources */ = {isa = PBXBuildFile; fileRef = 9F3466DD1AA03B1A00E00009 /* savejsondata.sqlite */; };
/* End PBXBuildFile section */

/* Begin PBXContainerItemProxy section */
		72C3A3FB1A959A4800E892BF /* PBXContainerItemProxy */ = {
			isa = PBXContainerItemProxy;
			containerPortal = 72C3A3D91A959A4800E892BF /* Project object */;
			proxyType = 1;
			remoteGlobalIDString = 72C3A3E01A959A4800E892BF;
			remoteInfo = json123;
		};
/* End PBXContainerItemProxy section */

/* Begin PBXFileReference section */
		72C3A3E11A959A4800E892BF /* json123.app */ = {isa = PBXFileReference; explicitFileType = wrapper.application; includeInIndex = 0; path = json123.app; sourceTree = BUILT_PRODUCTS_DIR; };
		72C3A3E51A959A4800E892BF /* Info.plist */ = {isa = PBXFileReference; lastKnownFileType = text.plist.xml; path = Info.plist; sourceTree = "<group>"; };
		72C3A3E61A959A4800E892BF /* main.m */ = {isa = PBXFileReference; lastKnownFileType = sourcecode.c.objc; path = main.m; sourceTree = "<group>"; };
		72C3A3E81A959A4800E892BF /* AppDelegate.h */ = {isa = PBXFileReference; lastKnownFileType = sourcecode.c.h; path = AppDelegate.h; sourceTree = "<group>"; };
		72C3A3E91A959A4800E892BF /* AppDelegate.m */ = {isa = PBXFileReference; lastKnownFileType = sourcecode.c.objc; path = AppDelegate.m; sourceTree = "<group>"; };
		72C3A3EB1A959A4800E892BF /* ViewController.h */ = {isa = PBXFileReference; lastKnownFileType = sourcecode.c.h; path = ViewController.h; sourceTree = "<group>"; };
		72C3A3EC1A959A4800E892BF /* ViewController.m */ = {isa = PBXFileReference; lastKnownFileType = sourcecode.c.objc; path = ViewController.m; sourceTree = "<group>"; };
		72C3A3EF1A959A4800E892BF /* Base */ = {isa = PBXFileReference; lastKnownFileType = file.storyboard; name = Base; path = Base.lproj/Main.storyboard; sourceTree = "<group>"; };
		72C3A3F11A959A4800E892BF /* Images.xcassets */ = {isa = PBXFileReference; lastKnownFileType = folder.assetcatalog; path = Images.xcassets; sourceTree = "<group>"; };
		72C3A3F41A959A4800E892BF /* Base */ = {isa = PBXFileReference; lastKnownFileType = file.xib; name = Base; path = Base.lproj/LaunchScreen.xib; sourceTree = "<group>"; };
		72C3A3FA1A959A4800E892BF /* json123Tests.xctest */ = {isa = PBXFileReference; explicitFileType = wrapper.cfbundle; includeInIndex = 0; path = json123Tests.xctest; sourceTree = BUILT_PRODUCTS_DIR; };
		72C3A3FF1A959A4800E892BF /* Info.plist */ = {isa = PBXFileReference; lastKnownFileType = text.plist.xml; path = Info.plist; sourceTree = "<group>"; };
		72C3A4001A959A4800E892BF /* json123Tests.m */ = {isa = PBXFileReference; lastKnownFileType = sourcecode.c.objc; path = json123Tests.m; sourceTree = "<group>"; };
		95F9A4491A9705AE00544B58 /* ViewTableViewCell.h */ = {isa = PBXFileReference; fileEncoding = 4; lastKnownFileType = sourcecode.c.h; path = ViewTableViewCell.h; sourceTree = "<group>"; };
		95F9A44A1A9705AE00544B58 /* ViewTableViewCell.m */ = {isa = PBXFileReference; fileEncoding = 4; lastKnownFileType = sourcecode.c.objc; path = ViewTableViewCell.m; sourceTree = "<group>"; };
		9F3466DB1AA033F900E00009 /* libsqlite3.0.dylib */ = {isa = PBXFileReference; lastKnownFileType = "compiled.mach-o.dylib"; name = libsqlite3.0.dylib; path = usr/lib/libsqlite3.0.dylib; sourceTree = SDKROOT; };
		9F3466DD1AA03B1A00E00009 /* savejsondata.sqlite */ = {isa = PBXFileReference; lastKnownFileType = file; path = savejsondata.sqlite; sourceTree = "<group>"; };
/* End PBXFileReference section */

/* Begin PBXFrameworksBuildPhase section */
		72C3A3DE1A959A4800E892BF /* Frameworks */ = {
			isa = PBXFrameworksBuildPhase;
			buildActionMask = 2147483647;
			files = (
				9F3466DC1AA033F900E00009 /* libsqlite3.0.dylib in Frameworks */,
			);
			runOnlyForDeploymentPostprocessing = 0;
		};
		72C3A3F71A959A4800E892BF /* Frameworks */ = {
			isa = PBXFrameworksBuildPhase;
			buildActionMask = 2147483647;
			files = (
			);
			runOnlyForDeploymentPostprocessing = 0;
		};
/* End PBXFrameworksBuildPhase section */

/* Begin PBXGroup section */
		72C3A3D81A959A4800E892BF = {
			isa = PBXGroup;
			children = (
				9F3466DB1AA033F900E00009 /* libsqlite3.0.dylib */,
				72C3A3E31A959A4800E892BF /* json123 */,
				72C3A3FD1A959A4800E892BF /* json123Tests */,
				72C3A3E21A959A4800E892BF /* Products */,
			);
			sourceTree = "<group>";
		};
		72C3A3E21A959A4800E892BF /* Products */ = {
			isa = PBXGroup;
			children = (
				72C3A3E11A959A4800E892BF /* json123.app */,
				72C3A3FA1A959A4800E892BF /* json123Tests.xctest */,
			);
			name = Products;
			sourceTree = "<group>";
		};
		72C3A3E31A959A4800E892BF /* json123 */ = {
			isa = PBXGroup;
			children = (
				9F3466DD1AA03B1A00E00009 /* savejsondata.sqlite */,
				72C3A3E81A959A4800E892BF /* AppDelegate.h */,
				72C3A3E91A959A4800E892BF /* AppDelegate.m */,
				72C3A3EB1A959A4800E892BF /* ViewController.h */,
				72C3A3EC1A959A4800E892BF /* ViewController.m */,
				95F9A4491A9705AE00544B58 /* ViewTableViewCell.h */,
				95F9A44A1A9705AE00544B58 /* ViewTableViewCell.m */,
				72C3A3EE1A959A4800E892BF /* Main.storyboard */,
				72C3A3F11A959A4800E892BF /* Images.xcassets */,
				72C3A3F31A959A4800E892BF /* LaunchScreen.xib */,
				72C3A3E41A959A4800E892BF /* Supporting Files */,
			);
			path = json123;
			sourceTree = "<group>";
		};
		72C3A3E41A959A4800E892BF /* Supporting Files */ = {
			isa = PBXGroup;
			children = (
				72C3A3E51A959A4800E892BF /* Info.plist */,
				72C3A3E61A959A4800E892BF /* main.m */,
			);
			name = "Supporting Files";
			sourceTree = "<group>";
		};
		72C3A3FD1A959A4800E892BF /* json123Tests */ = {
			isa = PBXGroup;
			children = (
				72C3A4001A959A4800E892BF /* json123Tests.m */,
				72C3A3FE1A959A4800E892BF /* Supporting Files */,
			);
			path = json123Tests;
			sourceTree = "<group>";
		};
		72C3A3FE1A959A4800E892BF /* Supporting Files */ = {
			isa = PBXGroup;
			children = (
				72C3A3FF1A959A4800E892BF /* Info.plist */,
			);
			name = "Supporting Files";
			sourceTree = "<group>";
		};
/* End PBXGroup section */

/* Begin PBXNativeTarget section */
		72C3A3E01A959A4800E892BF /* json123 */ = {
			isa = PBXNativeTarget;
			buildConfigurationList = 72C3A4041A959A4800E892BF /* Build configuration list for PBXNativeTarget "json123" */;
			buildPhases = (
				72C3A3DD1A959A4800E892BF /* Sources */,
				72C3A3DE1A959A4800E892BF /* Frameworks */,
				72C3A3DF1A959A4800E892BF /* Resources */,
			);
			buildRules = (
			);
			dependencies = (
			);
			name = json123;
			productName = json123;
			productReference = 72C3A3E11A959A4800E892BF /* json123.app */;
			productType = "com.apple.product-type.application";
		};
		72C3A3F91A959A4800E892BF /* json123Tests */ = {
			isa = PBXNativeTarget;
			buildConfigurationList = 72C3A4071A959A4800E892BF /* Build configuration list for PBXNativeTarget "json123Tests" */;
			buildPhases = (
				72C3A3F61A959A4800E892BF /* Sources */,
				72C3A3F71A959A4800E892BF /* Frameworks */,
				72C3A3F81A959A4800E892BF /* Resources */,
			);
			buildRules = (
			);
			dependencies = (
				72C3A3FC1A959A4800E892BF /* PBXTargetDependency */,
			);
			name = json123Tests;
			productName = json123Tests;
			productReference = 72C3A3FA1A959A4800E892BF /* json123Tests.xctest */;
			productType = "com.apple.product-type.bundle.unit-test";
		};
/* End PBXNativeTarget section */

/* Begin PBXProject section */
		72C3A3D91A959A4800E892BF /* Project object */ = {
			isa = PBXProject;
			attributes = {
				LastUpgradeCheck = 0610;
				ORGANIZATIONNAME = Superton;
				TargetAttributes = {
					72C3A3E01A959A4800E892BF = {
						CreatedOnToolsVersion = 6.1.1;
					};
					72C3A3F91A959A4800E892BF = {
						CreatedOnToolsVersion = 6.1.1;
						TestTargetID = 72C3A3E01A959A4800E892BF;
					};
				};
			};
			buildConfigurationList = 72C3A3DC1A959A4800E892BF /* Build configuration list for PBXProject "json123" */;
			compatibilityVersion = "Xcode 3.2";
			developmentRegion = English;
			hasScannedForEncodings = 0;
			knownRegions = (
				en,
				Base,
			);
			mainGroup = 72C3A3D81A959A4800E892BF;
			productRefGroup = 72C3A3E21A959A4800E892BF /* Products */;
			projectDirPath = "";
			projectRoot = "";
			targets = (
				72C3A3E01A959A4800E892BF /* json123 */,
				72C3A3F91A959A4800E892BF /* json123Tests */,
			);
		};
/* End PBXProject section */

/* Begin PBXResourcesBuildPhase section */
		72C3A3DF1A959A4800E892BF /* Resources */ = {
			isa = PBXResourcesBuildPhase;
			buildActionMask = 2147483647;
			files = (
				72C3A3F01A959A4800E892BF /* Main.storyboard in Resources */,
				72C3A3F51A959A4800E892BF /* LaunchScreen.xib in Resources */,
				9F3466DE1AA03B1A00E00009 /* savejsondata.sqlite in Resources */,
				72C3A3F21A959A4800E892BF /* Images.xcassets in Resources */,
			);
			runOnlyForDeploymentPostprocessing = 0;
		};
		72C3A3F81A959A4800E892BF /* Resources */ = {
			isa = PBXResourcesBuildPhase;
			buildActionMask = 2147483647;
			files = (
			);
			runOnlyForDeploymentPostprocessing = 0;
		};
/* End PBXResourcesBuildPhase section */

/* Begin PBXSourcesBuildPhase section */
		72C3A3DD1A959A4800E892BF /* Sources */ = {
			isa = PBXSourcesBuildPhase;
			buildActionMask = 2147483647;
			files = (
				95F9A44B1A9705AE00544B58 /* ViewTableViewCell.m in Sources */,
				72C3A3ED1A959A4800E892BF /* ViewController.m in Sources */,
				72C3A3EA1A959A4800E892BF /* AppDelegate.m in Sources */,
				72C3A3E71A959A4800E892BF /* main.m in Sources */,
			);
			runOnlyForDeploymentPostprocessing = 0;
		};
		72C3A3F61A959A4800E892BF /* Sources */ = {
			isa = PBXSourcesBuildPhase;
			buildActionMask = 2147483647;
			files = (
				72C3A4011A959A4800E892BF /* json123Tests.m in Sources */,
			);
			runOnlyForDeploymentPostprocessing = 0;
		};
/* End PBXSourcesBuildPhase section */

/* Begin PBXTargetDependency section */
		72C3A3FC1A959A4800E892BF /* PBXTargetDependency */ = {
			isa = PBXTargetDependency;
			target = 72C3A3E01A959A4800E892BF /* json123 */;
			targetProxy = 72C3A3FB1A959A4800E892BF /* PBXContainerItemProxy */;
		};
/* End PBXTargetDependency section */

/* Begin PBXVariantGroup section */
		72C3A3EE1A959A4800E892BF /* Main.storyboard */ = {
			isa = PBXVariantGroup;
			children = (
				72C3A3EF1A959A4800E892BF /* Base */,
			);
			name = Main.storyboard;
			sourceTree = "<group>";
		};
		72C3A3F31A959A4800E892BF /* LaunchScreen.xib */ = {
			isa = PBXVariantGroup;
			children = (
				72C3A3F41A959A4800E892BF /* Base */,
			);
			name = LaunchScreen.xib;
			sourceTree = "<group>";
		};
/* End PBXVariantGroup section */

/* Begin XCBuildConfiguration section */
		72C3A4021A959A4800E892BF /* Debug */ = {
			isa = XCBuildConfiguration;
			buildSettings = {
				ALWAYS_SEARCH_USER_PATHS = NO;
				CLANG_CXX_LANGUAGE_STANDARD = "gnu++0x";
				CLANG_CXX_LIBRARY = "libc++";
				CLANG_ENABLE_MODULES = YES;
				CLANG_ENABLE_OBJC_ARC = YES;
				CLANG_WARN_BOOL_CONVERSION = YES;
				CLANG_WARN_CONSTANT_CONVERSION = YES;
				CLANG_WARN_DIRECT_OBJC_ISA_USAGE = YES_ERROR;
				CLANG_WARN_EMPTY_BODY = YES;
				CLANG_WARN_ENUM_CONVERSION = YES;
				CLANG_WARN_INT_CONVERSION = YES;
				CLANG_WARN_OBJC_ROOT_CLASS = YES_ERROR;
				CLANG_WARN_UNREACHABLE_CODE = YES;
				CLANG_WARN__DUPLICATE_METHOD_MATCH = YES;
				"CODE_SIGN_IDENTITY[sdk=iphoneos*]" = "iPhone Developer";
				COPY_PHASE_STRIP = NO;
				ENABLE_STRICT_OBJC_MSGSEND = YES;
				GCC_C_LANGUAGE_STANDARD = gnu99;
				GCC_DYNAMIC_NO_PIC = NO;
				GCC_OPTIMIZATION_LEVEL = 0;
				GCC_PREPROCESSOR_DEFINITIONS = (
					"DEBUG=1",
					"$(inherited)",
				);
				GCC_SYMBOLS_PRIVATE_EXTERN = NO;
				GCC_WARN_64_TO_32_BIT_CONVERSION = YES;
				GCC_WARN_ABOUT_RETURN_TYPE = YES_ERROR;
				GCC_WARN_UNDECLARED_SELECTOR = YES;
				GCC_WARN_UNINITIALIZED_AUTOS = YES_AGGRESSIVE;
				GCC_WARN_UNUSED_FUNCTION = YES;
				GCC_WARN_UNUSED_VARIABLE = YES;
				IPHONEOS_DEPLOYMENT_TARGET = 8.1;
				MTL_ENABLE_DEBUG_INFO = YES;
				ONLY_ACTIVE_ARCH = YES;
				SDKROOT = iphoneos;
				TARGETED_DEVICE_FAMILY = "1,2";
			};
			name = Debug;
		};
		72C3A4031A959A4800E892BF /* Release */ = {
			isa = XCBuildConfiguration;
			buildSettings = {
				ALWAYS_SEARCH_USER_PATHS = NO;
				CLANG_CXX_LANGUAGE_STANDARD = "gnu++0x";
				CLANG_CXX_LIBRARY = "libc++";
				CLANG_ENABLE_MODULES = YES;
				CLANG_ENABLE_OBJC_ARC = YES;
				CLANG_WARN_BOOL_CONVERSION = YES;
				CLANG_WARN_CONSTANT_CONVERSION = YES;
				CLANG_WARN_DIRECT_OBJC_ISA_USAGE = YES_ERROR;
				CLANG_WARN_EMPTY_BODY = YES;
				CLANG_WARN_ENUM_CONVERSION = YES;
				CLANG_WARN_INT_CONVERSION = YES;
				CLANG_WARN_OBJC_ROOT_CLASS = YES_ERROR;
				CLANG_WARN_UNREACHABLE_CODE = YES;
				CLANG_WARN__DUPLICATE_METHOD_MATCH = YES;
				"CODE_SIGN_IDENTITY[sdk=iphoneos*]" = "iPhone Developer";
				COPY_PHASE_STRIP = YES;
				ENABLE_NS_ASSERTIONS = NO;
				ENABLE_STRICT_OBJC_MSGSEND = YES;
				GCC_C_LANGUAGE_STANDARD = gnu99;
				GCC_WARN_64_TO_32_BIT_CONVERSION = YES;
				GCC_WARN_ABOUT_RETURN_TYPE = YES_ERROR;
				GCC_WARN_UNDECLARED_SELECTOR = YES;
				GCC_WARN_UNINITIALIZED_AUTOS = YES_AGGRESSIVE;
				GCC_WARN_UNUSED_FUNCTION = YES;
				GCC_WARN_UNUSED_VARIABLE = YES;
				IPHONEOS_DEPLOYMENT_TARGET = 8.1;
				MTL_ENABLE_DEBUG_INFO = NO;
				SDKROOT = iphoneos;
				TARGETED_DEVICE_FAMILY = "1,2";
				VALIDATE_PRODUCT = YES;
			};
			name = Release;
		};
		72C3A4051A959A4800E892BF /* Debug */ = {
			isa = XCBuildConfiguration;
			buildSettings = {
				ASSETCATALOG_COMPILER_APPICON_NAME = AppIcon;
				INFOPLIST_FILE = json123/Info.plist;
				LD_RUNPATH_SEARCH_PATHS = "$(inherited) @executable_path/Frameworks";
				PRODUCT_NAME = "$(TARGET_NAME)";
			};
			name = Debug;
		};
		72C3A4061A959A4800E892BF /* Release */ = {
			isa = XCBuildConfiguration;
			buildSettings = {
				ASSETCATALOG_COMPILER_APPICON_NAME = AppIcon;
				INFOPLIST_FILE = json123/Info.plist;
				LD_RUNPATH_SEARCH_PATHS = "$(inherited) @executable_path/Frameworks";
				PRODUCT_NAME = "$(TARGET_NAME)";
			};
			name = Release;
		};
		72C3A4081A959A4800E892BF /* Debug */ = {
			isa = XCBuildConfiguration;
			buildSettings = {
				BUNDLE_LOADER = "$(TEST_HOST)";
				FRAMEWORK_SEARCH_PATHS = (
					"$(SDKROOT)/Developer/Library/Frameworks",
					"$(inherited)",
				);
				GCC_PREPROCESSOR_DEFINITIONS = (
					"DEBUG=1",
					"$(inherited)",
				);
				INFOPLIST_FILE = json123Tests/Info.plist;
				LD_RUNPATH_SEARCH_PATHS = "$(inherited) @executable_path/Frameworks @loader_path/Frameworks";
				PRODUCT_NAME = "$(TARGET_NAME)";
				TEST_HOST = "$(BUILT_PRODUCTS_DIR)/json123.app/json123";
			};
			name = Debug;
		};
		72C3A4091A959A4800E892BF /* Release */ = {
			isa = XCBuildConfiguration;
			buildSettings = {
				BUNDLE_LOADER = "$(TEST_HOST)";
				FRAMEWORK_SEARCH_PATHS = (
					"$(SDKROOT)/Developer/Library/Frameworks",
					"$(inherited)",
				);
				INFOPLIST_FILE = json123Tests/Info.plist;
				LD_RUNPATH_SEARCH_PATHS = "$(inherited) @executable_path/Frameworks @loader_path/Frameworks";
				PRODUCT_NAME = "$(TARGET_NAME)";
				TEST_HOST = "$(BUILT_PRODUCTS_DIR)/json123.app/json123";
			};
			name = Release;
		};
/* End XCBuildConfiguration section */

/* Begin XCConfigurationList section */
		72C3A3DC1A959A4800E892BF /* Build configuration list for PBXProject "json123" */ = {
			isa = XCConfigurationList;
			buildConfigurations = (
				72C3A4021A959A4800E892BF /* Debug */,
				72C3A4031A959A4800E892BF /* Release */,
			);
			defaultConfigurationIsVisible = 0;
			defaultConfigurationName = Release;
		};
		72C3A4041A959A4800E892BF /* Build configuration list for PBXNativeTarget "json123" */ = {
			isa = XCConfigurationList;
			buildConfigurations = (
				72C3A4051A959A4800E892BF /* Debug */,
				72C3A4061A959A4800E892BF /* Release */,
			);
			defaultConfigurationIsVisible = 0;
			defaultConfigurationName = Release;
		};
		72C3A4071A959A4800E892BF /* Build configuration list for PBXNativeTarget "json123Tests" */ = {
			isa = XCConfigurationList;
			buildConfigurations = (
				72C3A4081A959A4800E892BF /* Debug */,
				72C3A4091A959A4800E892BF /* Release */,
			);
			defaultConfigurationIsVisible = 0;
			defaultConfigurationName = Release;
		};
/* End XCConfigurationList section */
	};
	rootObject = 72C3A3D91A959A4800E892BF /* Project object */;
}
